{
  "originHash" : "c5ce42a9ec4008869118c6f05b0afac5af8b78d793a836906eed5527ffece3aa",
  "pins" : [
    {
      "identity" : "jwtdecode.swift",
      "kind" : "remoteSourceControl",
      "location" : "https://github.com/auth0/JWTDecode.swift",
      "state" : {
        "revision" : "1e153ef009969543191970c66b7c60163c0b4a65",
        "version" : "3.2.0"
      }
    },
    {
      "identity" : "microsoft-authentication-library-for-objc",
      "kind" : "remoteSourceControl",
      "location" : "https://github.com/AzureAD/microsoft-authentication-library-for-objc",
      "state" : {
        "revision" : "fa998300c84760c501c32af820e880da7226a8a3",
        "version" : "1.6.3"
      }
    }
  ],
  "version" : 3
}
